{
  "nodes": {
    "fish-flake": {
      "inputs": {
        "nixpkgs": [
          "nixpkgs"
        ]
      },
      "locked": {
        "dir": "fish-shell",
        "lastModified": 1770929425,
        "narHash": "sha256-4xymWjQi4krw6P65vMxMaUjt0PXz+vHNE3VOKwWO/5A=",
        "owner": "CRBroughton",
        "repo": "nix-flakes",
        "rev": "f62610126593cc34012998c35e4111b6c6a2a96f",
        "type": "github"
      },
      "original": {
        "dir": "fish-shell",
        "owner": "CRBroughton",
        "repo": "nix-flakes",
        "type": "github"
      }
    },
    "flake-utils": {
      "inputs": {
        "systems": "systems"
      },
      "locked": {
        "lastModified": 1731533236,
        "narHash": "sha256-l0KFg5HjrsfsO/JpG+r7fRrqm12kzFHyUHqHCVpMMbI=",
        "owner": "numtide",
        "repo": "flake-utils",
        "rev": "11707dc2f618dd54ca8739b309ec4fc024de578b",
        "type": "github"
      },
      "original": {
        "owner": "numtide",
        "repo": "flake-utils",
        "type": "github"
      }
    },
    "home-manager": {
      "inputs": {
        "nixpkgs": [
          "nixpkgs"
        ]
      },
      "locked": {
        "lastModified": 1770915843,
        "narHash": "sha256-ZwU5wXKNqpOQvjNz6aBp1j5peiBZow1++6pLnk5VAhs=",
        "owner": "nix-community",
        "repo": "home-manager",
        "rev": "6a1f7101d2c3ee87d485a87880d73b4665c6a4bd",
        "type": "github"
      },
      "original": {
        "owner": "nix-community",
        "repo": "home-manager",
        "type": "github"
      }
    },
    "nixpkgs": {
      "locked": {
        "lastModified": 1770562336,
        "narHash": "sha256-ub1gpAONMFsT/GU2hV6ZWJjur8rJ6kKxdm9IlCT0j84=",
        "owner": "nixos",
        "repo": "nixpkgs",
        "rev": "d6c71932130818840fc8fe9509cf50be8c64634f",
        "type": "github"
      },
      "original": {
        "owner": "nixos",
        "ref": "nixos-unstable",
        "repo": "nixpkgs",
        "type": "github"
      }
    },
    "podman-flake": {
      "inputs": {
        "flake-utils": "flake-utils",
        "nixpkgs": [
          "nixpkgs"
        ]
      },
      "locked": {
        "dir": "podman-flake",
        "lastModified": 1770929425,
        "narHash": "sha256-4xymWjQi4krw6P65vMxMaUjt0PXz+vHNE3VOKwWO/5A=",
        "owner": "CRBroughton",
        "repo": "nix-flakes",
        "rev": "f62610126593cc34012998c35e4111b6c6a2a96f",
        "type": "github"
      },
      "original": {
        "dir": "podman-flake",
        "owner": "CRBroughton",
        "repo": "nix-flakes",
        "type": "github"
      }
    },
    "root": {
      "inputs": {
        "fish-flake": "fish-flake",
        "home-manager": "home-manager",
        "nixpkgs": "nixpkgs",
        "podman-flake": "podman-flake"
      }
    },
    "systems": {
      "locked": {
        "lastModified": 1681028828,
        "narHash": "sha256-Vy1rq5AaRuLzOxct8nz4T6wlgyUR7zLU309k9mBC768=",
        "owner": "nix-systems",
        "repo": "default",
        "rev": "da67096a3b9bf56a91d16901293e51ba5b49a27e",
        "type": "github"
      },
      "original": {
        "owner": "nix-systems",
        "repo": "default",
        "type": "github"
      }
    }
  },
  "root": "root",
  "version": 7
}
